
Microsoft Visual Studio Solution File, Format Version 12.00
# Visual Studio Version 17
VisualStudioVersion = 17.9.34728.123
MinimumVisualStudioVersion = 10.0.40219.1
Project("{FAE04EC0-301F-11D3-BF4B-00C04F79EFBC}") = "Proyecto_Botica_API", "Proyecto_Botica_API\Proyecto_Botica_API.csproj", "{898ED04B-C415-42C8-BDF2-F7C0E583A380}"
EndProject
Global
	GlobalSection(SolutionConfigurationPlatforms) = preSolution
		Debug|Any CPU = Debug|Any CPU
		Release|Any CPU = Release|Any CPU
	EndGlobalSection
	GlobalSection(ProjectConfigurationPlatforms) = postSolution
		{898ED04B-C415-42C8-BDF2-F7C0E583A380}.Debug|Any CPU.ActiveCfg = Debug|Any CPU
		{898ED04B-C415-42C8-BDF2-F7C0E583A380}.Debug|Any CPU.Build.0 = Debug|Any CPU
		{898ED04B-C415-42C8-BDF2-F7C0E583A380}.Release|Any CPU.ActiveCfg = Release|Any CPU
		{898ED04B-C415-42C8-BDF2-F7C0E583A380}.Release|Any CPU.Build.0 = Release|Any CPU
	EndGlobalSection
	GlobalSection(SolutionProperties) = preSolution
		HideSolutionNode = FALSE
	EndGlobalSection
	GlobalSection(ExtensibilityGlobals) = postSolution
		SolutionGuid = {B819FFFC-CDEA-4285-9D03-3D245E412F13}
	EndGlobalSection
EndGlobal
